
Microsoft Visual Studio Solution File, Format Version 12.00
# Visual Studio Version 17
VisualStudioVersion = 17.9.34622.214
MinimumVisualStudioVersion = 10.0.40219.1
Project("{FAE04EC0-301F-11D3-BF4B-00C04F79EFBC}") = "ExercicioGameCshar", "ExercicioGameCshar.csproj", "{A8FC87F1-39E9-4345-B12B-94A8FFEB3B95}"
EndProject
Global
	GlobalSection(SolutionConfigurationPlatforms) = preSolution
		Debug|Any CPU = Debug|Any CPU
		Release|Any CPU = Release|Any CPU
	EndGlobalSection
	GlobalSection(ProjectConfigurationPlatforms) = postSolution
		{A8FC87F1-39E9-4345-B12B-94A8FFEB3B95}.Debug|Any CPU.ActiveCfg = Debug|Any CPU
		{A8FC87F1-39E9-4345-B12B-94A8FFEB3B95}.Debug|Any CPU.Build.0 = Debug|Any CPU
		{A8FC87F1-39E9-4345-B12B-94A8FFEB3B95}.Release|Any CPU.ActiveCfg = Release|Any CPU
		{A8FC87F1-39E9-4345-B12B-94A8FFEB3B95}.Release|Any CPU.Build.0 = Release|Any CPU
	EndGlobalSection
	GlobalSection(SolutionProperties) = preSolution
		HideSolutionNode = FALSE
	EndGlobalSection
	GlobalSection(ExtensibilityGlobals) = postSolution
		SolutionGuid = {AD6A3173-82C0-4CF9-AFB0-1136D07D5678}
	EndGlobalSection
EndGlobal
